// !$*UTF8*$!
{
	archiveVersion = 1;
	classes = {
	};
	objectVersion = 56;
	objects = {

/* Begin PBXBuildFile section */
		A29A0BA12C4D685A0095195C /* Assets.xcassets in Resources */ = {isa = PBXBuildFile; fileRef = A29A0BA02C4D685A0095195C /* Assets.xcassets */; };
		A29A0BB32C4D68F10095195C /* FrameRunner.swift in Sources */ = {isa = PBXBuildFile; fileRef = A29A0BAB2C4D68F10095195C /* FrameRunner.swift */; };
		A29A0BB42C4D68F10095195C /* Ticker.swift in Sources */ = {isa = PBXBuildFile; fileRef = A29A0BAC2C4D68F10095195C /* Ticker.swift */; };
		A29A0BB52C4D68F10095195C /* AppDelegate.swift in Sources */ = {isa = PBXBuildFile; fileRef = A29A0BAD2C4D68F10095195C /* AppDelegate.swift */; };
		A29A0BB62C4D68F10095195C /* Box.swift in Sources */ = {isa = PBXBuildFile; fileRef = A29A0BAE2C4D68F10095195C /* Box.swift */; };
		A29A0BB72C4D68F10095195C /* BoxWindow.swift in Sources */ = {isa = PBXBuildFile; fileRef = A29A0BAF2C4D68F10095195C /* BoxWindow.swift */; };
		A29A0BB82C4D68F10095195C /* Config.swift in Sources */ = {isa = PBXBuildFile; fileRef = A29A0BB02C4D68F10095195C /* Config.swift */; };
		A29A0BB92C4D68F10095195C /* Extensions.swift in Sources */ = {isa = PBXBuildFile; fileRef = A29A0BB12C4D68F10095195C /* Extensions.swift */; };
		A29A0BBA2C4D68F10095195C /* main.swift in Sources */ = {isa = PBXBuildFile; fileRef = A29A0BB22C4D68F10095195C /* main.swift */; };
		A29A0BD52C4D74C40095195C /* bad_apple.mp3 in Resources */ = {isa = PBXBuildFile; fileRef = A29A0BD42C4D74C40095195C /* bad_apple.mp3 */; };
		A29A0BD72C4D74CC0095195C /* boxes.bin in Resources */ = {isa = PBXBuildFile; fileRef = A29A0BD62C4D74CC0095195C /* boxes.bin */; };
		A29A0BDA2C4D77910095195C /* BoxWindowsBuilder.swift in Sources */ = {isa = PBXBuildFile; fileRef = A29A0BD92C4D77910095195C /* BoxWindowsBuilder.swift */; };
		A29A0BDC2C4D79AE0095195C /* AudioPlayer.swift in Sources */ = {isa = PBXBuildFile; fileRef = A29A0BDB2C4D79AE0095195C /* AudioPlayer.swift */; };
		A29A0BDE2C4D7A3A0095195C /* ScreenConfig.swift in Sources */ = {isa = PBXBuildFile; fileRef = A29A0BDD2C4D7A3A0095195C /* ScreenConfig.swift */; };
		A29A0BE02C4D7D9E0095195C /* Frame.swift in Sources */ = {isa = PBXBuildFile; fileRef = A29A0BDF2C4D7D9E0095195C /* Frame.swift */; };
		A29A0BE22C4D7DCE0095195C /* FramesReader.swift in Sources */ = {isa = PBXBuildFile; fileRef = A29A0BE12C4D7DCE0095195C /* FramesReader.swift */; };
/* End PBXBuildFile section */

/* Begin PBXFileReference section */
		A29A0B992C4D68590095195C /* BadApple.app */ = {isa = PBXFileReference; explicitFileType = wrapper.application; includeInIndex = 0; path = BadApple.app; sourceTree = BUILT_PRODUCTS_DIR; };
		A29A0BA02C4D685A0095195C /* Assets.xcassets */ = {isa = PBXFileReference; lastKnownFileType = folder.assetcatalog; path = Assets.xcassets; sourceTree = "<group>"; };
		A29A0BA52C4D685A0095195C /* BadApple.entitlements */ = {isa = PBXFileReference; lastKnownFileType = text.plist.entitlements; path = BadApple.entitlements; sourceTree = "<group>"; };
		A29A0BAB2C4D68F10095195C /* FrameRunner.swift */ = {isa = PBXFileReference; fileEncoding = 4; lastKnownFileType = sourcecode.swift; path = FrameRunner.swift; sourceTree = "<group>"; };
		A29A0BAC2C4D68F10095195C /* Ticker.swift */ = {isa = PBXFileReference; fileEncoding = 4; lastKnownFileType = sourcecode.swift; path = Ticker.swift; sourceTree = "<group>"; };
		A29A0BAD2C4D68F10095195C /* AppDelegate.swift */ = {isa = PBXFileReference; fileEncoding = 4; lastKnownFileType = sourcecode.swift; path = AppDelegate.swift; sourceTree = "<group>"; };
		A29A0BAE2C4D68F10095195C /* Box.swift */ = {isa = PBXFileReference; fileEncoding = 4; lastKnownFileType = sourcecode.swift; path = Box.swift; sourceTree = "<group>"; };
		A29A0BAF2C4D68F10095195C /* BoxWindow.swift */ = {isa = PBXFileReference; fileEncoding = 4; lastKnownFileType = sourcecode.swift; path = BoxWindow.swift; sourceTree = "<group>"; };
		A29A0BB02C4D68F10095195C /* Config.swift */ = {isa = PBXFileReference; fileEncoding = 4; lastKnownFileType = sourcecode.swift; path = Config.swift; sourceTree = "<group>"; };
		A29A0BB12C4D68F10095195C /* Extensions.swift */ = {isa = PBXFileReference; fileEncoding = 4; lastKnownFileType = sourcecode.swift; path = Extensions.swift; sourceTree = "<group>"; };
		A29A0BB22C4D68F10095195C /* main.swift */ = {isa = PBXFileReference; fileEncoding = 4; lastKnownFileType = sourcecode.swift; path = main.swift; sourceTree = "<group>"; };
		A29A0BD42C4D74C40095195C /* bad_apple.mp3 */ = {isa = PBXFileReference; lastKnownFileType = audio.mp3; path = bad_apple.mp3; sourceTree = "<group>"; };
		A29A0BD62C4D74CC0095195C /* boxes.bin */ = {isa = PBXFileReference; lastKnownFileType = archive.macbinary; path = boxes.bin; sourceTree = "<group>"; };
		A29A0BD92C4D77910095195C /* BoxWindowsBuilder.swift */ = {isa = PBXFileReference; lastKnownFileType = sourcecode.swift; path = BoxWindowsBuilder.swift; sourceTree = "<group>"; };
		A29A0BDB2C4D79AE0095195C /* AudioPlayer.swift */ = {isa = PBXFileReference; lastKnownFileType = sourcecode.swift; path = AudioPlayer.swift; sourceTree = "<group>"; };
		A29A0BDD2C4D7A3A0095195C /* ScreenConfig.swift */ = {isa = PBXFileReference; lastKnownFileType = sourcecode.swift; path = ScreenConfig.swift; sourceTree = "<group>"; };
		A29A0BDF2C4D7D9E0095195C /* Frame.swift */ = {isa = PBXFileReference; lastKnownFileType = sourcecode.swift; path = Frame.swift; sourceTree = "<group>"; };
		A29A0BE12C4D7DCE0095195C /* FramesReader.swift */ = {isa = PBXFileReference; lastKnownFileType = sourcecode.swift; path = FramesReader.swift; sourceTree = "<group>"; };
/* End PBXFileReference section */

/* Begin PBXFrameworksBuildPhase section */
		A29A0B962C4D68590095195C /* Frameworks */ = {
			isa = PBXFrameworksBuildPhase;
			buildActionMask = 2147483647;
			files = (
			);
			runOnlyForDeploymentPostprocessing = 0;
		};
/* End PBXFrameworksBuildPhase section */

/* Begin PBXGroup section */
		A29A0B902C4D68590095195C = {
			isa = PBXGroup;
			children = (
				A29A0B9B2C4D68590095195C /* BadApple */,
				A29A0B9A2C4D68590095195C /* Products */,
			);
			sourceTree = "<group>";
		};
		A29A0B9A2C4D68590095195C /* Products */ = {
			isa = PBXGroup;
			children = (
				A29A0B992C4D68590095195C /* BadApple.app */,
			);
			name = Products;
			sourceTree = "<group>";
		};
		A29A0B9B2C4D68590095195C /* BadApple */ = {
			isa = PBXGroup;
			children = (
				A29A0BD62C4D74CC0095195C /* boxes.bin */,
				A29A0BD42C4D74C40095195C /* bad_apple.mp3 */,
				A29A0BAD2C4D68F10095195C /* AppDelegate.swift */,
				A29A0BDB2C4D79AE0095195C /* AudioPlayer.swift */,
				A29A0BD92C4D77910095195C /* BoxWindowsBuilder.swift */,
				A29A0BAE2C4D68F10095195C /* Box.swift */,
				A29A0BDF2C4D7D9E0095195C /* Frame.swift */,
				A29A0BE12C4D7DCE0095195C /* FramesReader.swift */,
				A29A0BAF2C4D68F10095195C /* BoxWindow.swift */,
				A29A0BB02C4D68F10095195C /* Config.swift */,
				A29A0BDD2C4D7A3A0095195C /* ScreenConfig.swift */,
				A29A0BB12C4D68F10095195C /* Extensions.swift */,
				A29A0BAB2C4D68F10095195C /* FrameRunner.swift */,
				A29A0BB22C4D68F10095195C /* main.swift */,
				A29A0BAC2C4D68F10095195C /* Ticker.swift */,
				A29A0BA02C4D685A0095195C /* Assets.xcassets */,
				A29A0BA52C4D685A0095195C /* BadApple.entitlements */,
				A29A0BA22C4D685A0095195C /* Preview Content */,
			);
			path = BadApple;
			sourceTree = "<group>";
		};
		A29A0BA22C4D685A0095195C /* Preview Content */ = {
			isa = PBXGroup;
			children = (
			);
			path = "Preview Content";
			sourceTree = "<group>";
		};
/* End PBXGroup section */

/* Begin PBXNativeTarget section */
		A29A0B982C4D68590095195C /* BadApple */ = {
			isa = PBXNativeTarget;
			buildConfigurationList = A29A0BA82C4D685A0095195C /* Build configuration list for PBXNativeTarget "BadApple" */;
			buildPhases = (
				A29A0B952C4D68590095195C /* Sources */,
				A29A0B962C4D68590095195C /* Frameworks */,
				A29A0B972C4D68590095195C /* Resources */,
			);
			buildRules = (
			);
			dependencies = (
			);
			name = BadApple;
			productName = BadApple;
			productReference = A29A0B992C4D68590095195C /* BadApple.app */;
			productType = "com.apple.product-type.application";
		};
/* End PBXNativeTarget section */

/* Begin PBXProject section */
		A29A0B912C4D68590095195C /* Project object */ = {
			isa = PBXProject;
			attributes = {
				BuildIndependentTargetsInParallel = 1;
				LastSwiftUpdateCheck = 1530;
				LastUpgradeCheck = 1530;
				TargetAttributes = {
					A29A0B982C4D68590095195C = {
						CreatedOnToolsVersion = 15.3;
					};
				};
			};
			buildConfigurationList = A29A0B942C4D68590095195C /* Build configuration list for PBXProject "BadApple" */;
			compatibilityVersion = "Xcode 14.0";
			developmentRegion = en;
			hasScannedForEncodings = 0;
			knownRegions = (
				en,
				Base,
			);
			mainGroup = A29A0B902C4D68590095195C;
			productRefGroup = A29A0B9A2C4D68590095195C /* Products */;
			projectDirPath = "";
			projectRoot = "";
			targets = (
				A29A0B982C4D68590095195C /* BadApple */,
			);
		};
/* End PBXProject section */

/* Begin PBXResourcesBuildPhase section */
		A29A0B972C4D68590095195C /* Resources */ = {
			isa = PBXResourcesBuildPhase;
			buildActionMask = 2147483647;
			files = (
				A29A0BD72C4D74CC0095195C /* boxes.bin in Resources */,
				A29A0BA12C4D685A0095195C /* Assets.xcassets in Resources */,
				A29A0BD52C4D74C40095195C /* bad_apple.mp3 in Resources */,
			);
			runOnlyForDeploymentPostprocessing = 0;
		};
/* End PBXResourcesBuildPhase section */

/* Begin PBXSourcesBuildPhase section */
		A29A0B952C4D68590095195C /* Sources */ = {
			isa = PBXSourcesBuildPhase;
			buildActionMask = 2147483647;
			files = (
				A29A0BB92C4D68F10095195C /* Extensions.swift in Sources */,
				A29A0BB42C4D68F10095195C /* Ticker.swift in Sources */,
				A29A0BDA2C4D77910095195C /* BoxWindowsBuilder.swift in Sources */,
				A29A0BB62C4D68F10095195C /* Box.swift in Sources */,
				A29A0BB52C4D68F10095195C /* AppDelegate.swift in Sources */,
				A29A0BE22C4D7DCE0095195C /* FramesReader.swift in Sources */,
				A29A0BBA2C4D68F10095195C /* main.swift in Sources */,
				A29A0BB82C4D68F10095195C /* Config.swift in Sources */,
				A29A0BDC2C4D79AE0095195C /* AudioPlayer.swift in Sources */,
				A29A0BDE2C4D7A3A0095195C /* ScreenConfig.swift in Sources */,
				A29A0BE02C4D7D9E0095195C /* Frame.swift in Sources */,
				A29A0BB72C4D68F10095195C /* BoxWindow.swift in Sources */,
				A29A0BB32C4D68F10095195C /* FrameRunner.swift in Sources */,
			);
			runOnlyForDeploymentPostprocessing = 0;
		};
/* End PBXSourcesBuildPhase section */

/* Begin XCBuildConfiguration section */
		A29A0BA62C4D685A0095195C /* Debug */ = {
			isa = XCBuildConfiguration;
			buildSettings = {
				ALWAYS_SEARCH_USER_PATHS = NO;
				ASSETCATALOG_COMPILER_GENERATE_SWIFT_ASSET_SYMBOL_EXTENSIONS = YES;
				CLANG_ANALYZER_NONNULL = YES;
				CLANG_ANALYZER_NUMBER_OBJECT_CONVERSION = YES_AGGRESSIVE;
				CLANG_CXX_LANGUAGE_STANDARD = "gnu++20";
				CLANG_ENABLE_MODULES = YES;
				CLANG_ENABLE_OBJC_ARC = YES;
				CLANG_ENABLE_OBJC_WEAK = YES;
				CLANG_WARN_BLOCK_CAPTURE_AUTORELEASING = YES;
				CLANG_WARN_BOOL_CONVERSION = YES;
				CLANG_WARN_COMMA = YES;
				CLANG_WARN_CONSTANT_CONVERSION = YES;
				CLANG_WARN_DEPRECATED_OBJC_IMPLEMENTATIONS = YES;
				CLANG_WARN_DIRECT_OBJC_ISA_USAGE = YES_ERROR;
				CLANG_WARN_DOCUMENTATION_COMMENTS = YES;
				CLANG_WARN_EMPTY_BODY = YES;
				CLANG_WARN_ENUM_CONVERSION = YES;
				CLANG_WARN_INFINITE_RECURSION = YES;
				CLANG_WARN_INT_CONVERSION = YES;
				CLANG_WARN_NON_LITERAL_NULL_CONVERSION = YES;
				CLANG_WARN_OBJC_IMPLICIT_RETAIN_SELF = YES;
				CLANG_WARN_OBJC_LITERAL_CONVERSION = YES;
				CLANG_WARN_OBJC_ROOT_CLASS = YES_ERROR;
				CLANG_WARN_QUOTED_INCLUDE_IN_FRAMEWORK_HEADER = YES;
				CLANG_WARN_RANGE_LOOP_ANALYSIS = YES;
				CLANG_WARN_STRICT_PROTOTYPES = YES;
				CLANG_WARN_SUSPICIOUS_MOVE = YES;
				CLANG_WARN_UNGUARDED_AVAILABILITY = YES_AGGRESSIVE;
				CLANG_WARN_UNREACHABLE_CODE = YES;
				CLANG_WARN__DUPLICATE_METHOD_MATCH = YES;
				COPY_PHASE_STRIP = NO;
				DEBUG_INFORMATION_FORMAT = dwarf;
				ENABLE_STRICT_OBJC_MSGSEND = YES;
				ENABLE_TESTABILITY = YES;
				ENABLE_USER_SCRIPT_SANDBOXING = YES;
				GCC_C_LANGUAGE_STANDARD = gnu17;
				GCC_DYNAMIC_NO_PIC = NO;
				GCC_NO_COMMON_BLOCKS = YES;
				GCC_OPTIMIZATION_LEVEL = 0;
				GCC_PREPROCESSOR_DEFINITIONS = (
					"DEBUG=1",
					"$(inherited)",
				);
				GCC_WARN_64_TO_32_BIT_CONVERSION = YES;
				GCC_WARN_ABOUT_RETURN_TYPE = YES_ERROR;
				GCC_WARN_UNDECLARED_SELECTOR = YES;
				GCC_WARN_UNINITIALIZED_AUTOS = YES_AGGRESSIVE;
				GCC_WARN_UNUSED_FUNCTION = YES;
				GCC_WARN_UNUSED_VARIABLE = YES;
				LOCALIZATION_PREFERS_STRING_CATALOGS = YES;
				MACOSX_DEPLOYMENT_TARGET = 14.4;
				MTL_ENABLE_DEBUG_INFO = INCLUDE_SOURCE;
				MTL_FAST_MATH = YES;
				ONLY_ACTIVE_ARCH = YES;
				SDKROOT = macosx;
				SWIFT_ACTIVE_COMPILATION_CONDITIONS = "DEBUG $(inherited)";
				SWIFT_OPTIMIZATION_LEVEL = "-Onone";
			};
			name = Debug;
		};
		A29A0BA72C4D685A0095195C /* Release */ = {
			isa = XCBuildConfiguration;
			buildSettings = {
				ALWAYS_SEARCH_USER_PATHS = NO;
				ASSETCATALOG_COMPILER_GENERATE_SWIFT_ASSET_SYMBOL_EXTENSIONS = YES;
				CLANG_ANALYZER_NONNULL = YES;
				CLANG_ANALYZER_NUMBER_OBJECT_CONVERSION = YES_AGGRESSIVE;
				CLANG_CXX_LANGUAGE_STANDARD = "gnu++20";
				CLANG_ENABLE_MODULES = YES;
				CLANG_ENABLE_OBJC_ARC = YES;
				CLANG_ENABLE_OBJC_WEAK = YES;
				CLANG_WARN_BLOCK_CAPTURE_AUTORELEASING = YES;
				CLANG_WARN_BOOL_CONVERSION = YES;
				CLANG_WARN_COMMA = YES;
				CLANG_WARN_CONSTANT_CONVERSION = YES;
				CLANG_WARN_DEPRECATED_OBJC_IMPLEMENTATIONS = YES;
				CLANG_WARN_DIRECT_OBJC_ISA_USAGE = YES_ERROR;
				CLANG_WARN_DOCUMENTATION_COMMENTS = YES;
				CLANG_WARN_EMPTY_BODY = YES;
				CLANG_WARN_ENUM_CONVERSION = YES;
				CLANG_WARN_INFINITE_RECURSION = YES;
				CLANG_WARN_INT_CONVERSION = YES;
				CLANG_WARN_NON_LITERAL_NULL_CONVERSION = YES;
				CLANG_WARN_OBJC_IMPLICIT_RETAIN_SELF = YES;
				CLANG_WARN_OBJC_LITERAL_CONVERSION = YES;
				CLANG_WARN_OBJC_ROOT_CLASS = YES_ERROR;
				CLANG_WARN_QUOTED_INCLUDE_IN_FRAMEWORK_HEADER = YES;
				CLANG_WARN_RANGE_LOOP_ANALYSIS = YES;
				CLANG_WARN_STRICT_PROTOTYPES = YES;
				CLANG_WARN_SUSPICIOUS_MOVE = YES;
				CLANG_WARN_UNGUARDED_AVAILABILITY = YES_AGGRESSIVE;
				CLANG_WARN_UNREACHABLE_CODE = YES;
				CLANG_WARN__DUPLICATE_METHOD_MATCH = YES;
				COPY_PHASE_STRIP = NO;
				DEBUG_INFORMATION_FORMAT = "dwarf-with-dsym";
				ENABLE_NS_ASSERTIONS = NO;
				ENABLE_STRICT_OBJC_MSGSEND = YES;
				ENABLE_USER_SCRIPT_SANDBOXING = YES;
				GCC_C_LANGUAGE_STANDARD = gnu17;
				GCC_NO_COMMON_BLOCKS = YES;
				GCC_WARN_64_TO_32_BIT_CONVERSION = YES;
				GCC_WARN_ABOUT_RETURN_TYPE = YES_ERROR;
				GCC_WARN_UNDECLARED_SELECTOR = YES;
				GCC_WARN_UNINITIALIZED_AUTOS = YES_AGGRESSIVE;
				GCC_WARN_UNUSED_FUNCTION = YES;
				GCC_WARN_UNUSED_VARIABLE = YES;
				LOCALIZATION_PREFERS_STRING_CATALOGS = YES;
				MACOSX_DEPLOYMENT_TARGET = 14.4;
				MTL_ENABLE_DEBUG_INFO = NO;
				MTL_FAST_MATH = YES;
				SDKROOT = macosx;
				SWIFT_COMPILATION_MODE = wholemodule;
			};
			name = Release;
		};
		A29A0BA92C4D685A0095195C /* Debug */ = {
			isa = XCBuildConfiguration;
			buildSettings = {
				ASSETCATALOG_COMPILER_APPICON_NAME = AppIcon;
				ASSETCATALOG_COMPILER_GLOBAL_ACCENT_COLOR_NAME = AccentColor;
				CODE_SIGN_ENTITLEMENTS = BadApple/BadApple.entitlements;
				"CODE_SIGN_IDENTITY[sdk=macosx*]" = "Apple Development";
				CODE_SIGN_STYLE = Automatic;
				COMBINE_HIDPI_IMAGES = YES;
				CURRENT_PROJECT_VERSION = 1;
				DEVELOPMENT_ASSET_PATHS = "\"BadApple/Preview Content\"";
				DEVELOPMENT_TEAM = 7E993228E7;
				ENABLE_PREVIEWS = YES;
				GENERATE_INFOPLIST_FILE = YES;
				INFOPLIST_KEY_NSHumanReadableCopyright = "";
				LD_RUNPATH_SEARCH_PATHS = (
					"$(inherited)",
					"@executable_path/../Frameworks",
				);
				MARKETING_VERSION = 1.0;
				PRODUCT_BUNDLE_IDENTIFIER = ru.radiationx.BadApple;
				PRODUCT_NAME = "$(TARGET_NAME)";
				SWIFT_EMIT_LOC_STRINGS = YES;
				SWIFT_VERSION = 5.0;
			};
			name = Debug;
		};
		A29A0BAA2C4D685A0095195C /* Release */ = {
			isa = XCBuildConfiguration;
			buildSettings = {
				ASSETCATALOG_COMPILER_APPICON_NAME = AppIcon;
				ASSETCATALOG_COMPILER_GLOBAL_ACCENT_COLOR_NAME = AccentColor;
				CODE_SIGN_ENTITLEMENTS = BadApple/BadApple.entitlements;
				"CODE_SIGN_IDENTITY[sdk=macosx*]" = "Apple Development";
				CODE_SIGN_STYLE = Automatic;
				COMBINE_HIDPI_IMAGES = YES;
				CURRENT_PROJECT_VERSION = 1;
				DEVELOPMENT_ASSET_PATHS = "\"BadApple/Preview Content\"";
				DEVELOPMENT_TEAM = 7E993228E7;
				ENABLE_PREVIEWS = YES;
				GENERATE_INFOPLIST_FILE = YES;
				INFOPLIST_KEY_NSHumanReadableCopyright = "";
				LD_RUNPATH_SEARCH_PATHS = (
					"$(inherited)",
					"@executable_path/../Frameworks",
				);
				MARKETING_VERSION = 1.0;
				PRODUCT_BUNDLE_IDENTIFIER = ru.radiationx.BadApple;
				PRODUCT_NAME = "$(TARGET_NAME)";
				SWIFT_EMIT_LOC_STRINGS = YES;
				SWIFT_VERSION = 5.0;
			};
			name = Release;
		};
/* End XCBuildConfiguration section */

/* Begin XCConfigurationList section */
		A29A0B942C4D68590095195C /* Build configuration list for PBXProject "BadApple" */ = {
			isa = XCConfigurationList;
			buildConfigurations = (
				A29A0BA62C4D685A0095195C /* Debug */,
				A29A0BA72C4D685A0095195C /* Release */,
			);
			defaultConfigurationIsVisible = 0;
			defaultConfigurationName = Release;
		};
		A29A0BA82C4D685A0095195C /* Build configuration list for PBXNativeTarget "BadApple" */ = {
			isa = XCConfigurationList;
			buildConfigurations = (
				A29A0BA92C4D685A0095195C /* Debug */,
				A29A0BAA2C4D685A0095195C /* Release */,
			);
			defaultConfigurationIsVisible = 0;
			defaultConfigurationName = Release;
		};
/* End XCConfigurationList section */
	};
	rootObject = A29A0B912C4D68590095195C /* Project object */;
}
